
Microsoft Visual Studio Solution File, Format Version 12.00
# Visual Studio Version 16
VisualStudioVersion = 16.0.31205.134
MinimumVisualStudioVersion = 10.0.40219.1
Project("{FAE04EC0-301F-11D3-BF4B-00C04F79EFBC}") = "ASCII_Art_Generator", "ASCII_Art_Generator\ASCII_Art_Generator.csproj", "{2F8C66F3-DDDA-4B8B-8AD2-34633CF4EB08}"
EndProject
Global
	GlobalSection(SolutionConfigurationPlatforms) = preSolution
		Debug|Any CPU = Debug|Any CPU
		Release|Any CPU = Release|Any CPU
	EndGlobalSection
	GlobalSection(ProjectConfigurationPlatforms) = postSolution
		{2F8C66F3-DDDA-4B8B-8AD2-34633CF4EB08}.Debug|Any CPU.ActiveCfg = Debug|Any CPU
		{2F8C66F3-DDDA-4B8B-8AD2-34633CF4EB08}.Debug|Any CPU.Build.0 = Debug|Any CPU
		{2F8C66F3-DDDA-4B8B-8AD2-34633CF4EB08}.Release|Any CPU.ActiveCfg = Release|Any CPU
		{2F8C66F3-DDDA-4B8B-8AD2-34633CF4EB08}.Release|Any CPU.Build.0 = Release|Any CPU
	EndGlobalSection
	GlobalSection(SolutionProperties) = preSolution
		HideSolutionNode = FALSE
	EndGlobalSection
	GlobalSection(ExtensibilityGlobals) = postSolution
		SolutionGuid = {29ADF1B8-704E-4EFC-96E6-FCE857CCE4B7}
	EndGlobalSection
EndGlobal
